
Microsoft Visual Studio Solution File, Format Version 12.00
# Visual Studio 15
Project("{FAE04EC0-301F-11D3-BF4B-00C04F79EFBC}") = "Assembly-CSharp", "Assembly-CSharp.csproj", "{F4833A07-B06E-410C-F887-55F8AA5B5D70}"
EndProject
Project("{FAE04EC0-301F-11D3-BF4B-00C04F79EFBC}") = "Assembly-CSharp-Editor", "Assembly-CSharp-Editor.csproj", "{AD892EC8-931C-C956-1CD5-E454E89F4E3B}"
EndProject
Global
	GlobalSection(SolutionConfigurationPlatforms) = preSolution
		Debug|Any CPU = Debug|Any CPU
		Release|Any CPU = Release|Any CPU
	EndGlobalSection
	GlobalSection(ProjectConfigurationPlatforms) = postSolution
		{F4833A07-B06E-410C-F887-55F8AA5B5D70}.Debug|Any CPU.ActiveCfg = Debug|Any CPU
		{F4833A07-B06E-410C-F887-55F8AA5B5D70}.Debug|Any CPU.Build.0 = Debug|Any CPU
		{F4833A07-B06E-410C-F887-55F8AA5B5D70}.Release|Any CPU.ActiveCfg = Release|Any CPU
		{F4833A07-B06E-410C-F887-55F8AA5B5D70}.Release|Any CPU.Build.0 = Release|Any CPU
		{AD892EC8-931C-C956-1CD5-E454E89F4E3B}.Debug|Any CPU.ActiveCfg = Debug|Any CPU
		{AD892EC8-931C-C956-1CD5-E454E89F4E3B}.Debug|Any CPU.Build.0 = Debug|Any CPU
		{AD892EC8-931C-C956-1CD5-E454E89F4E3B}.Release|Any CPU.ActiveCfg = Release|Any CPU
		{AD892EC8-931C-C956-1CD5-E454E89F4E3B}.Release|Any CPU.Build.0 = Release|Any CPU
	EndGlobalSection
	GlobalSection(SolutionProperties) = preSolution
		HideSolutionNode = FALSE
	EndGlobalSection
EndGlobal
